// !$*UTF8*$!
{
	archiveVersion = 1;
	classes = {
	};
	objectVersion = 46;
	objects = {

/* Begin PBXBuildFile section */
		65834F7D1D1F996100E74B39 /* main.m in Sources */ = {isa = PBXBuildFile; fileRef = 65834F7C1D1F996100E74B39 /* main.m */; };
		65834F801D1F996100E74B39 /* AppDelegate.m in Sources */ = {isa = PBXBuildFile; fileRef = 65834F7F1D1F996100E74B39 /* AppDelegate.m */; };
		65834F831D1F996100E74B39 /* ViewController.m in Sources */ = {isa = PBXBuildFile; fileRef = 65834F821D1F996100E74B39 /* ViewController.m */; };
		65834F861D1F996100E74B39 /* Main.storyboard in Resources */ = {isa = PBXBuildFile; fileRef = 65834F841D1F996100E74B39 /* Main.storyboard */; };
		65834F881D1F996100E74B39 /* Assets.xcassets in Resources */ = {isa = PBXBuildFile; fileRef = 65834F871D1F996100E74B39 /* Assets.xcassets */; };
		65834F8B1D1F996100E74B39 /* LaunchScreen.storyboard in Resources */ = {isa = PBXBuildFile; fileRef = 65834F891D1F996100E74B39 /* LaunchScreen.storyboard */; };
		65834F981D1F9CE100E74B39 /* HYCollectViewAlignedLayout.m in Sources */ = {isa = PBXBuildFile; fileRef = 65834F971D1F9CE100E74B39 /* HYCollectViewAlignedLayout.m */; };
/* End PBXBuildFile section */

/* Begin PBXFileReference section */
		65834F781D1F996100E74B39 /* HYCollectionViewAlignedLayoutDemo.app */ = {isa = PBXFileReference; explicitFileType = wrapper.application; includeInIndex = 0; path = HYCollectionViewAlignedLayoutDemo.app; sourceTree = BUILT_PRODUCTS_DIR; };
		65834F7C1D1F996100E74B39 /* main.m */ = {isa = PBXFileReference; lastKnownFileType = sourcecode.c.objc; path = main.m; sourceTree = "<group>"; };
		65834F7E1D1F996100E74B39 /* AppDelegate.h */ = {isa = PBXFileReference; lastKnownFileType = sourcecode.c.h; path = AppDelegate.h; sourceTree = "<group>"; };
		65834F7F1D1F996100E74B39 /* AppDelegate.m */ = {isa = PBXFileReference; lastKnownFileType = sourcecode.c.objc; path = AppDelegate.m; sourceTree = "<group>"; };
		65834F811D1F996100E74B39 /* ViewController.h */ = {isa = PBXFileReference; lastKnownFileType = sourcecode.c.h; path = ViewController.h; sourceTree = "<group>"; };
		65834F821D1F996100E74B39 /* ViewController.m */ = {isa = PBXFileReference; lastKnownFileType = sourcecode.c.objc; path = ViewController.m; sourceTree = "<group>"; };
		65834F851D1F996100E74B39 /* Base */ = {isa = PBXFileReference; lastKnownFileType = file.storyboard; name = Base; path = Base.lproj/Main.storyboard; sourceTree = "<group>"; };
		65834F871D1F996100E74B39 /* Assets.xcassets */ = {isa = PBXFileReference; lastKnownFileType = folder.assetcatalog; path = Assets.xcassets; sourceTree = "<group>"; };
		65834F8A1D1F996100E74B39 /* Base */ = {isa = PBXFileReference; lastKnownFileType = file.storyboard; name = Base; path = Base.lproj/LaunchScreen.storyboard; sourceTree = "<group>"; };
		65834F8C1D1F996100E74B39 /* Info.plist */ = {isa = PBXFileReference; lastKnownFileType = text.plist.xml; path = Info.plist; sourceTree = "<group>"; };
		65834F961D1F9CE100E74B39 /* HYCollectViewAlignedLayout.h */ = {isa = PBXFileReference; fileEncoding = 4; lastKnownFileType = sourcecode.c.h; path = HYCollectViewAlignedLayout.h; sourceTree = "<group>"; };
		65834F971D1F9CE100E74B39 /* HYCollectViewAlignedLayout.m */ = {isa = PBXFileReference; fileEncoding = 4; lastKnownFileType = sourcecode.c.objc; path = HYCollectViewAlignedLayout.m; sourceTree = "<group>"; };
/* End PBXFileReference section */

/* Begin PBXFrameworksBuildPhase section */
		65834F751D1F996100E74B39 /* Frameworks */ = {
			isa = PBXFrameworksBuildPhase;
			buildActionMask = 2147483647;
			files = (
			);
			runOnlyForDeploymentPostprocessing = 0;
		};
/* End PBXFrameworksBuildPhase section */

/* Begin PBXGroup section */
		65834F6F1D1F996100E74B39 = {
			isa = PBXGroup;
			children = (
				65834F7A1D1F996100E74B39 /* HYCollectionViewAlignedLayoutDemo */,
				65834F791D1F996100E74B39 /* Products */,
			);
			sourceTree = "<group>";
		};
		65834F791D1F996100E74B39 /* Products */ = {
			isa = PBXGroup;
			children = (
				65834F781D1F996100E74B39 /* HYCollectionViewAlignedLayoutDemo.app */,
			);
			name = Products;
			sourceTree = "<group>";
		};
		65834F7A1D1F996100E74B39 /* HYCollectionViewAlignedLayoutDemo */ = {
			isa = PBXGroup;
			children = (
				65834F921D1F997100E74B39 /* HYCollectionViewAlignedLayout */,
				65834F7E1D1F996100E74B39 /* AppDelegate.h */,
				65834F7F1D1F996100E74B39 /* AppDelegate.m */,
				65834F811D1F996100E74B39 /* ViewController.h */,
				65834F821D1F996100E74B39 /* ViewController.m */,
				65834F841D1F996100E74B39 /* Main.storyboard */,
				65834F871D1F996100E74B39 /* Assets.xcassets */,
				65834F891D1F996100E74B39 /* LaunchScreen.storyboard */,
				65834F8C1D1F996100E74B39 /* Info.plist */,
				65834F7B1D1F996100E74B39 /* Supporting Files */,
			);
			path = HYCollectionViewAlignedLayoutDemo;
			sourceTree = "<group>";
		};
		65834F7B1D1F996100E74B39 /* Supporting Files */ = {
			isa = PBXGroup;
			children = (
				65834F7C1D1F996100E74B39 /* main.m */,
			);
			name = "Supporting Files";
			sourceTree = "<group>";
		};
		65834F921D1F997100E74B39 /* HYCollectionViewAlignedLayout */ = {
			isa = PBXGroup;
			children = (
				65834F961D1F9CE100E74B39 /* HYCollectViewAlignedLayout.h */,
				65834F971D1F9CE100E74B39 /* HYCollectViewAlignedLayout.m */,
			);
			path = HYCollectionViewAlignedLayout;
			sourceTree = "<group>";
		};
/* End PBXGroup section */

/* Begin PBXNativeTarget section */
		65834F771D1F996100E74B39 /* HYCollectionViewAlignedLayoutDemo */ = {
			isa = PBXNativeTarget;
			buildConfigurationList = 65834F8F1D1F996100E74B39 /* Build configuration list for PBXNativeTarget "HYCollectionViewAlignedLayoutDemo" */;
			buildPhases = (
				65834F741D1F996100E74B39 /* Sources */,
				65834F751D1F996100E74B39 /* Frameworks */,
				65834F761D1F996100E74B39 /* Resources */,
			);
			buildRules = (
			);
			dependencies = (
			);
			name = HYCollectionViewAlignedLayoutDemo;
			productName = HYCollectionViewAlignedLayoutDemo;
			productReference = 65834F781D1F996100E74B39 /* HYCollectionViewAlignedLayoutDemo.app */;
			productType = "com.apple.product-type.application";
		};
/* End PBXNativeTarget section */

/* Begin PBXProject section */
		65834F701D1F996100E74B39 /* Project object */ = {
			isa = PBXProject;
			attributes = {
				LastUpgradeCheck = 0730;
				ORGANIZATIONNAME = lsl;
				TargetAttributes = {
					65834F771D1F996100E74B39 = {
						CreatedOnToolsVersion = 7.3.1;
					};
				};
			};
			buildConfigurationList = 65834F731D1F996100E74B39 /* Build configuration list for PBXProject "HYCollectionViewAlignedLayoutDemo" */;
			compatibilityVersion = "Xcode 3.2";
			developmentRegion = English;
			hasScannedForEncodings = 0;
			knownRegions = (
				en,
				Base,
			);
			mainGroup = 65834F6F1D1F996100E74B39;
			productRefGroup = 65834F791D1F996100E74B39 /* Products */;
			projectDirPath = "";
			projectRoot = "";
			targets = (
				65834F771D1F996100E74B39 /* HYCollectionViewAlignedLayoutDemo */,
			);
		};
/* End PBXProject section */

/* Begin PBXResourcesBuildPhase section */
		65834F761D1F996100E74B39 /* Resources */ = {
			isa = PBXResourcesBuildPhase;
			buildActionMask = 2147483647;
			files = (
				65834F8B1D1F996100E74B39 /* LaunchScreen.storyboard in Resources */,
				65834F881D1F996100E74B39 /* Assets.xcassets in Resources */,
				65834F861D1F996100E74B39 /* Main.storyboard in Resources */,
			);
			runOnlyForDeploymentPostprocessing = 0;
		};
/* End PBXResourcesBuildPhase section */

/* Begin PBXSourcesBuildPhase section */
		65834F741D1F996100E74B39 /* Sources */ = {
			isa = PBXSourcesBuildPhase;
			buildActionMask = 2147483647;
			files = (
				65834F831D1F996100E74B39 /* ViewController.m in Sources */,
				65834F801D1F996100E74B39 /* AppDelegate.m in Sources */,
				65834F981D1F9CE100E74B39 /* HYCollectViewAlignedLayout.m in Sources */,
				65834F7D1D1F996100E74B39 /* main.m in Sources */,
			);
			runOnlyForDeploymentPostprocessing = 0;
		};
/* End PBXSourcesBuildPhase section */

/* Begin PBXVariantGroup section */
		65834F841D1F996100E74B39 /* Main.storyboard */ = {
			isa = PBXVariantGroup;
			children = (
				65834F851D1F996100E74B39 /* Base */,
			);
			name = Main.storyboard;
			sourceTree = "<group>";
		};
		65834F891D1F996100E74B39 /* LaunchScreen.storyboard */ = {
			isa = PBXVariantGroup;
			children = (
				65834F8A1D1F996100E74B39 /* Base */,
			);
			name = LaunchScreen.storyboard;
			sourceTree = "<group>";
		};
/* End PBXVariantGroup section */

/* Begin XCBuildConfiguration section */
		65834F8D1D1F996100E74B39 /* Debug */ = {
			isa = XCBuildConfiguration;
			buildSettings = {
				ALWAYS_SEARCH_USER_PATHS = NO;
				CLANG_ANALYZER_NONNULL = YES;
				CLANG_CXX_LANGUAGE_STANDARD = "gnu++0x";
				CLANG_CXX_LIBRARY = "libc++";
				CLANG_ENABLE_MODULES = YES;
				CLANG_ENABLE_OBJC_ARC = YES;
				CLANG_WARN_BOOL_CONVERSION = YES;
				CLANG_WARN_CONSTANT_CONVERSION = YES;
				CLANG_WARN_DIRECT_OBJC_ISA_USAGE = YES_ERROR;
				CLANG_WARN_EMPTY_BODY = YES;
				CLANG_WARN_ENUM_CONVERSION = YES;
				CLANG_WARN_INT_CONVERSION = YES;
				CLANG_WARN_OBJC_ROOT_CLASS = YES_ERROR;
				CLANG_WARN_UNREACHABLE_CODE = YES;
				CLANG_WARN__DUPLICATE_METHOD_MATCH = YES;
				"CODE_SIGN_IDENTITY[sdk=iphoneos*]" = "iPhone Developer";
				COPY_PHASE_STRIP = NO;
				DEBUG_INFORMATION_FORMAT = dwarf;
				ENABLE_STRICT_OBJC_MSGSEND = YES;
				ENABLE_TESTABILITY = YES;
				GCC_C_LANGUAGE_STANDARD = gnu99;
				GCC_DYNAMIC_NO_PIC = NO;
				GCC_NO_COMMON_BLOCKS = YES;
				GCC_OPTIMIZATION_LEVEL = 0;
				GCC_PREPROCESSOR_DEFINITIONS = (
					"DEBUG=1",
					"$(inherited)",
				);
				GCC_WARN_64_TO_32_BIT_CONVERSION = YES;
				GCC_WARN_ABOUT_RETURN_TYPE = YES_ERROR;
				GCC_WARN_UNDECLARED_SELECTOR = YES;
				GCC_WARN_UNINITIALIZED_AUTOS = YES_AGGRESSIVE;
				GCC_WARN_UNUSED_FUNCTION = YES;
				GCC_WARN_UNUSED_VARIABLE = YES;
				IPHONEOS_DEPLOYMENT_TARGET = 9.3;
				MTL_ENABLE_DEBUG_INFO = YES;
				ONLY_ACTIVE_ARCH = YES;
				SDKROOT = iphoneos;
				TARGETED_DEVICE_FAMILY = "1,2";
			};
			name = Debug;
		};
		65834F8E1D1F996100E74B39 /* Release */ = {
			isa = XCBuildConfiguration;
			buildSettings = {
				ALWAYS_SEARCH_USER_PATHS = NO;
				CLANG_ANALYZER_NONNULL = YES;
				CLANG_CXX_LANGUAGE_STANDARD = "gnu++0x";
				CLANG_CXX_LIBRARY = "libc++";
				CLANG_ENABLE_MODULES = YES;
				CLANG_ENABLE_OBJC_ARC = YES;
				CLANG_WARN_BOOL_CONVERSION = YES;
				CLANG_WARN_CONSTANT_CONVERSION = YES;
				CLANG_WARN_DIRECT_OBJC_ISA_USAGE = YES_ERROR;
				CLANG_WARN_EMPTY_BODY = YES;
				CLANG_WARN_ENUM_CONVERSION = YES;
				CLANG_WARN_INT_CONVERSION = YES;
				CLANG_WARN_OBJC_ROOT_CLASS = YES_ERROR;
				CLANG_WARN_UNREACHABLE_CODE = YES;
				CLANG_WARN__DUPLICATE_METHOD_MATCH = YES;
				"CODE_SIGN_IDENTITY[sdk=iphoneos*]" = "iPhone Developer";
				COPY_PHASE_STRIP = NO;
				DEBUG_INFORMATION_FORMAT = "dwarf-with-dsym";
				ENABLE_NS_ASSERTIONS = NO;
				ENABLE_STRICT_OBJC_MSGSEND = YES;
				GCC_C_LANGUAGE_STANDARD = gnu99;
				GCC_NO_COMMON_BLOCKS = YES;
				GCC_WARN_64_TO_32_BIT_CONVERSION = YES;
				GCC_WARN_ABOUT_RETURN_TYPE = YES_ERROR;
				GCC_WARN_UNDECLARED_SELECTOR = YES;
				GCC_WARN_UNINITIALIZED_AUTOS = YES_AGGRESSIVE;
				GCC_WARN_UNUSED_FUNCTION = YES;
				GCC_WARN_UNUSED_VARIABLE = YES;
				IPHONEOS_DEPLOYMENT_TARGET = 9.3;
				MTL_ENABLE_DEBUG_INFO = NO;
				SDKROOT = iphoneos;
				TARGETED_DEVICE_FAMILY = "1,2";
				VALIDATE_PRODUCT = YES;
			};
			name = Release;
		};
		65834F901D1F996100E74B39 /* Debug */ = {
			isa = XCBuildConfiguration;
			buildSettings = {
				ASSETCATALOG_COMPILER_APPICON_NAME = AppIcon;
				INFOPLIST_FILE = HYCollectionViewAlignedLayoutDemo/Info.plist;
				LD_RUNPATH_SEARCH_PATHS = "$(inherited) @executable_path/Frameworks";
				PRODUCT_BUNDLE_IDENTIFIER = com.lsl.HYCollectionViewAlignedLayoutDemo;
				PRODUCT_NAME = "$(TARGET_NAME)";
			};
			name = Debug;
		};
		65834F911D1F996100E74B39 /* Release */ = {
			isa = XCBuildConfiguration;
			buildSettings = {
				ASSETCATALOG_COMPILER_APPICON_NAME = AppIcon;
				INFOPLIST_FILE = HYCollectionViewAlignedLayoutDemo/Info.plist;
				LD_RUNPATH_SEARCH_PATHS = "$(inherited) @executable_path/Frameworks";
				PRODUCT_BUNDLE_IDENTIFIER = com.lsl.HYCollectionViewAlignedLayoutDemo;
				PRODUCT_NAME = "$(TARGET_NAME)";
			};
			name = Release;
		};
/* End XCBuildConfiguration section */

/* Begin XCConfigurationList section */
		65834F731D1F996100E74B39 /* Build configuration list for PBXProject "HYCollectionViewAlignedLayoutDemo" */ = {
			isa = XCConfigurationList;
			buildConfigurations = (
				65834F8D1D1F996100E74B39 /* Debug */,
				65834F8E1D1F996100E74B39 /* Release */,
			);
			defaultConfigurationIsVisible = 0;
			defaultConfigurationName = Release;
		};
		65834F8F1D1F996100E74B39 /* Build configuration list for PBXNativeTarget "HYCollectionViewAlignedLayoutDemo" */ = {
			isa = XCConfigurationList;
			buildConfigurations = (
				65834F901D1F996100E74B39 /* Debug */,
				65834F911D1F996100E74B39 /* Release */,
			);
			defaultConfigurationIsVisible = 0;
			defaultConfigurationName = Release;
		};
/* End XCConfigurationList section */
	};
	rootObject = 65834F701D1F996100E74B39 /* Project object */;
}
